PODS:
  - ClusterKit/Core (0.3.4)
  - ClusterKit/Mapbox (0.3.4):
    - ClusterKit/Core
    - Mapbox-iOS-SDK (~> 4.0)
  - Crashlytics (3.10.5):
    - Fabric (~> 1.7.9)
  - CropViewController (2.3.6)
  - Fabric (1.7.9)
  - Firebase (5.4.0):
    - Firebase/Core (= 5.4.0)
  - Firebase/Auth (5.4.0):
    - Firebase/CoreOnly
    - FirebaseAuth (= 5.0.2)
  - Firebase/Core (5.4.0):
    - Firebase/CoreOnly
    - FirebaseAnalytics (= 5.0.1)
  - Firebase/CoreOnly (5.4.0):
    - FirebaseCore (= 5.0.5)
  - Firebase/Database (5.4.0):
    - Firebase/CoreOnly
    - FirebaseDatabase (= 5.0.2)
  - Firebase/DynamicLinks (5.4.0):
    - Firebase/Core
    - FirebaseDynamicLinks (= 3.0.1)
  - Firebase/Messaging (5.4.0):
    - Firebase/CoreOnly
    - FirebaseMessaging (= 3.0.3)
  - Firebase/Performance (5.4.0):
    - Firebase/Core
    - FirebasePerformance (= 2.0.1)
  - Firebase/RemoteConfig (5.4.0):
    - Firebase/Core
    - FirebaseRemoteConfig (= 3.0.0)
  - Firebase/Storage (5.4.0):
    - Firebase/CoreOnly
    - FirebaseStorage (= 3.0.0)
  - FirebaseABTesting (2.0.0):
    - FirebaseCore (~> 5.0)
    - Protobuf (~> 3.5)
  - FirebaseAnalytics (5.0.1):
    - FirebaseCore (~> 5.0)
    - FirebaseInstanceID (~> 3.0)
    - "GoogleToolboxForMac/NSData+zlib (~> 2.1)"
    - nanopb (~> 0.3)
  - FirebaseAuth (5.0.2):
    - FirebaseCore (~> 5.0)
    - GTMSessionFetcher/Core (~> 1.1)
  - FirebaseCore (5.0.5):
    - "GoogleToolboxForMac/NSData+zlib (~> 2.1)"
  - FirebaseDatabase (5.0.2):
    - FirebaseCore (~> 5.0)
    - leveldb-library (~> 1.18)
  - FirebaseDynamicLinks (3.0.1):
    - FirebaseAnalytics (~> 5.0)
  - FirebaseInstanceID (3.1.1):
    - FirebaseCore (~> 5.0)
  - FirebaseMessaging (3.0.3):
    - FirebaseCore (~> 5.0)
    - FirebaseInstanceID (~> 3.0)
    - GoogleToolboxForMac/Logger (~> 2.1)
    - Protobuf (~> 3.1)
  - FirebasePerformance (2.0.1):
    - FirebaseAnalytics (~> 5.0)
    - FirebaseInstanceID (~> 3.1)
    - FirebaseSwizzlingUtilities/ISASwizzling (~> 2.0)
    - FirebaseSwizzlingUtilities/MethodSwizzling (~> 2.0)
    - GoogleToolboxForMac/Logger (~> 2.1)
    - "GoogleToolboxForMac/NSData+zlib (~> 2.1)"
    - GTMSessionFetcher/Core (~> 1.1)
    - Protobuf (~> 3.5)
  - FirebaseRemoteConfig (3.0.0):
    - FirebaseABTesting (~> 2.0)
    - FirebaseAnalytics (~> 5.0)
    - FirebaseCore (~> 5.0)
    - FirebaseInstanceID (~> 3.0)
    - "GoogleToolboxForMac/NSData+zlib (~> 2.1)"
    - Protobuf (~> 3.5)
  - FirebaseStorage (3.0.0):
    - FirebaseCore (~> 5.0)
    - GTMSessionFetcher/Core (~> 1.1)
  - FirebaseSwizzlingUtilities/ISASwizzling (2.0.0)
  - FirebaseSwizzlingUtilities/MethodSwizzling (2.0.0):
    - FirebaseCore (~> 5.0)
  - GoogleToolboxForMac/Defines (2.1.4)
  - GoogleToolboxForMac/Logger (2.1.4):
    - GoogleToolboxForMac/Defines (= 2.1.4)
  - "GoogleToolboxForMac/NSData+zlib (2.1.4)":
    - GoogleToolboxForMac/Defines (= 2.1.4)
  - GTMSessionFetcher/Core (1.1.15)
  - JSQMessagesViewController (7.3.5):
    - JSQSystemSoundPlayer (~> 2.0.1)
  - JSQSystemSoundPlayer (2.0.1)
  - leveldb-library (1.20)
  - Mapbox-iOS-SDK (4.1.1)
  - nanopb (0.3.8):
    - nanopb/decode (= 0.3.8)
    - nanopb/encode (= 0.3.8)
  - nanopb/decode (0.3.8)
  - nanopb/encode (0.3.8)
  - Protobuf (3.6.0)
  - SwiftDate (5.0.0)

DEPENDENCIES:
  - ClusterKit/Mapbox
  - Crashlytics
  - CropViewController
  - Fabric
  - Firebase
  - Firebase/Auth
  - Firebase/Core
  - Firebase/Database
  - Firebase/DynamicLinks
  - Firebase/Messaging
  - Firebase/Performance
  - Firebase/RemoteConfig
  - Firebase/Storage
  - JSQMessagesViewController (from `https://github.com/Ariandr/JSQMessagesViewController.git`, branch `master`)
  - Mapbox-iOS-SDK
  - SwiftDate

SPEC REPOS:
  https://github.com/cocoapods/specs.git:
    - ClusterKit
    - Crashlytics
    - CropViewController
    - Fabric
    - Firebase
    - FirebaseABTesting
    - FirebaseAnalytics
    - FirebaseAuth
    - FirebaseCore
    - FirebaseDatabase
    - FirebaseDynamicLinks
    - FirebaseInstanceID
    - FirebaseMessaging
    - FirebasePerformance
    - FirebaseRemoteConfig
    - FirebaseStorage
    - FirebaseSwizzlingUtilities
    - GoogleToolboxForMac
    - GTMSessionFetcher
    - JSQSystemSoundPlayer
    - leveldb-library
    - Mapbox-iOS-SDK
    - nanopb
    - Protobuf
    - SwiftDate

EXTERNAL SOURCES:
  JSQMessagesViewController:
    :branch: master
    :git: https://github.com/Ariandr/JSQMessagesViewController.git

CHECKOUT OPTIONS:
  JSQMessagesViewController:
    :commit: f75b9f9d4d9f0fd6318a8ca00393cd3117ed2497
    :git: https://github.com/Ariandr/JSQMessagesViewController.git

SPEC CHECKSUMS:
  ClusterKit: 30d15b449a398103d130ea9661cab82bb99eb52d
  Crashlytics: 7f2e38d302d9da96475b3d64d86fb29e31a542b7
  CropViewController: e6d4bd512d15a1709e9ddf71fe7d98ffd05dda0f
  Fabric: a2917d3895e4c1569b9c3170de7320ea1b1e6661
  Firebase: d66f4f29c23f22d96808d9abc174d81d8eee968f
  FirebaseABTesting: 1f50b8d50f5e3469eea54e7463a7b7fe221d1f5e
  FirebaseAnalytics: b3628aea54c50464c32c393fb2ea032566e7ecc2
  FirebaseAuth: 096e457cdd4274412a66c4a35874787e411f5a03
  FirebaseCore: 42b3267233bd21a5abd54117ccc38ca3dd0f8e83
  FirebaseDatabase: 27be5ac5bc75e0b17537b2bbfada8258addcc8cd
  FirebaseDynamicLinks: d624a7adc81a8fd70d52be5a6a47a2bc0644b923
  FirebaseInstanceID: f3f0657372592ecdfdfe2cac604a5a75758376a6
  FirebaseMessaging: f43eb0c0e1da096e659de6f713038e74862a62cd
  FirebasePerformance: 1ebd87ffee5ca814582db1dc9e25651792ba02db
  FirebaseRemoteConfig: 3c57e4644bd6976b671ae0b725cd709f198bd1f5
  FirebaseStorage: 7ca4bb7b58a25fa647b04f524033fc7cb7eb272b
  FirebaseSwizzlingUtilities: 6c22677c50d0b6f5f0dc637c1233f13694a3003f
  GoogleToolboxForMac: 91c824d21e85b31c2aae9bb011c5027c9b4e738f
  GTMSessionFetcher: 5fa5b80fd20e439ef5f545fb2cb3ca6c6714caa2
  JSQMessagesViewController: f46d072fbc0d09a5268ab2a8a610db9a13ab35c5
  JSQSystemSoundPlayer: c5850e77a4363ffd374cd851154b9af93264ed8d
  leveldb-library: 08cba283675b7ed2d99629a4bc5fd052cd2bb6a5
  Mapbox-iOS-SDK: 78e66fad4085433d04fccb9364df4be08042fb82
  nanopb: 5601e6bca2dbf1ed831b519092ec110f66982ca3
  Protobuf: 0fc0ad8bec688b2a3017a139953e01374fedbd5f
  SwiftDate: 1efb57cf6a7657fdbd00c3b80d5f724bbca6428d

PODFILE CHECKSUM: 460816aac7a61bbc7c0ab5dee86699cd346bfcad

COCOAPODS: 1.5.3
